# THIS IS AN AUTOGENERATED FILE. DO NOT EDIT THIS FILE DIRECTLY.
# yarn lockfile v1


axios-parallel@^1.1.2:
  version "1.1.2"
  resolved "https://registry.yarnpkg.com/axios-parallel/-/axios-parallel-1.1.2.tgz#637ed69a13eba2e8b26f6ba8b8752d33fb8ec58e"
  integrity sha512-jhQb+bqbqumd3schu+iS3bFW952Ur/XvpW5WafcN8IZPOxaRNQ8H9z0YDnjkZHUO8d9MNiiATVGqQn0Gd+Es8Q==
  dependencies:
    axios "^0.21.1"
    object-path "^0.11.5"

axios@^0.21.1:
  version "0.21.1"
  resolved "https://registry.yarnpkg.com/axios/-/axios-0.21.1.tgz#22563481962f4d6bde9a76d516ef0e5d3c09b2b8"
  integrity sha512-dKQiRHxGD9PPRIUNIWvZhPTPpl1rf/OxTYKsqKUDjBwYylTvV7SjSHJb9ratfyzM6wCdLCOYLzs73qpg5c4iGA==
  dependencies:
    follow-redirects "^1.10.0"

dotenv@^10.0.0:
  version "10.0.0"
  resolved "https://registry.yarnpkg.com/dotenv/-/dotenv-10.0.0.tgz#3d4227b8fb95f81096cdd2b66653fb2c7085ba81"
  integrity sha512-rlBi9d8jpv9Sf1klPjNfFAuWDjKLwTIJJ/VxtoTwIR6hnZxcEOQCZg2oIL3MWBYw5GpUDKOEnND7LXTbIpQ03Q==

follow-redirects@^1.10.0:
  version "1.14.2"
  resolved "https://registry.yarnpkg.com/follow-redirects/-/follow-redirects-1.14.2.tgz#cecb825047c00f5e66b142f90fed4f515dec789b"
  integrity sha512-yLR6WaE2lbF0x4K2qE2p9PEXKLDjUjnR/xmjS3wHAYxtlsI9MLLBJUZirAHKzUZDGLxje7w/cXR49WOUo4rbsA==

lodash@^4.17.12:
  version "4.17.21"
  resolved "https://registry.yarnpkg.com/lodash/-/lodash-4.17.21.tgz#679591c564c3bffaae8454cf0b3df370c3d6911c"
  integrity sha512-v2kDEe57lecTulaDIuNTPy3Ry4gLGJ6Z1O3vE1krgXZNrsQ+LFTGHVxVjcXPs17LhbZVGedAJv8XZ1tvj5FvSg==

moment@^2.20.1:
  version "2.29.1"
  resolved "https://registry.yarnpkg.com/moment/-/moment-2.29.1.tgz#b2be769fa31940be9eeea6469c075e35006fa3d3"
  integrity sha512-kHmoybcPV8Sqy59DwNDY3Jefr64lK/by/da0ViFcuA4DH0vQg5Q6Ze5VimxkfQNSC+Mls/Kx53s7TjP1RhFEDQ==

object-path@^0.11.5:
  version "0.11.7"
  resolved "https://registry.yarnpkg.com/object-path/-/object-path-0.11.7.tgz#5f211161f34bb395e4b13a5f565b79d933b6f65d"
  integrity sha512-T4evaK9VfGGQskXBDILcn6F90ZD+WO3OwRFFQ2rmZdUH4vQeDBpiolTpVlPY2yj5xSepyILTjDyM6UvbbdHMZw==

simple-node-logger@^21.8.12:
  version "21.8.12"
  resolved "https://registry.yarnpkg.com/simple-node-logger/-/simple-node-logger-21.8.12.tgz#51cea08e17ed0139a78f1f1a7397fa5e756767e8"
  integrity sha512-RPImnYDq3jdUjaTvYLghaF1n65Dd0LV8hdZtlT0X1NZBAkw+lx0ZJtFydcUyYKjg0Yxd27AW9IAIc3OLhTjBzA==
  dependencies:
    lodash "^4.17.12"
    moment "^2.20.1"
